
Microsoft Visual Studio Solution File, Format Version 12.00
# Visual Studio Version 17
VisualStudioVersion = 17.11.35312.102
MinimumVisualStudioVersion = 10.0.40219.1
Project("{9A19103F-16F7-4668-BE54-9A1E7A4F7556}") = "Lab4", "Lab4\Lab4.csproj", "{C5B5904B-E98E-4DF0-A92B-3926172CBC69}"
EndProject
Project("{FAE04EC0-301F-11D3-BF4B-00C04F79EFBC}") = "Lab1", "Lab1\Lab1.csproj", "{BD577547-F77A-4653-A32C-87D59FC6E4A5}"
EndProject
Global
	GlobalSection(SolutionConfigurationPlatforms) = preSolution
		Debug|Any CPU = Debug|Any CPU
		Release|Any CPU = Release|Any CPU
	EndGlobalSection
	GlobalSection(ProjectConfigurationPlatforms) = postSolution
		{C5B5904B-E98E-4DF0-A92B-3926172CBC69}.Debug|Any CPU.ActiveCfg = Debug|Any CPU
		{C5B5904B-E98E-4DF0-A92B-3926172CBC69}.Debug|Any CPU.Build.0 = Debug|Any CPU
		{C5B5904B-E98E-4DF0-A92B-3926172CBC69}.Release|Any CPU.ActiveCfg = Release|Any CPU
		{C5B5904B-E98E-4DF0-A92B-3926172CBC69}.Release|Any CPU.Build.0 = Release|Any CPU
		{BD577547-F77A-4653-A32C-87D59FC6E4A5}.Debug|Any CPU.ActiveCfg = Debug|Any CPU
		{BD577547-F77A-4653-A32C-87D59FC6E4A5}.Debug|Any CPU.Build.0 = Debug|Any CPU
		{BD577547-F77A-4653-A32C-87D59FC6E4A5}.Release|Any CPU.ActiveCfg = Release|Any CPU
		{BD577547-F77A-4653-A32C-87D59FC6E4A5}.Release|Any CPU.Build.0 = Release|Any CPU
	EndGlobalSection
	GlobalSection(SolutionProperties) = preSolution
		HideSolutionNode = FALSE
	EndGlobalSection
	GlobalSection(ExtensibilityGlobals) = postSolution
		SolutionGuid = {FFD0DECA-B8F2-4593-83AD-BC945502B3F0}
	EndGlobalSection
EndGlobal
